Microsoft Visual Studio Solution File, Format Version 12.00
# Visual Studio Version 17
VisualStudioVersion = 17.5.2.0
MinimumVisualStudioVersion = 10.0.40219.1
Project("{FAE04EC0-301F-11D3-BF4B-00C04F79EFBC}") = "Type-Conversion", "Type-Conversion.csproj", "{22C31DEE-5822-4BB6-86C2-07D7FE1177FD}"
EndProject
Global
	GlobalSection(SolutionConfigurationPlatforms) = preSolution
		Debug|Any CPU = Debug|Any CPU
		Release|Any CPU = Release|Any CPU
	EndGlobalSection
	GlobalSection(ProjectConfigurationPlatforms) = postSolution
		{22C31DEE-5822-4BB6-86C2-07D7FE1177FD}.Debug|Any CPU.ActiveCfg = Debug|Any CPU
		{22C31DEE-5822-4BB6-86C2-07D7FE1177FD}.Debug|Any CPU.Build.0 = Debug|Any CPU
		{22C31DEE-5822-4BB6-86C2-07D7FE1177FD}.Release|Any CPU.ActiveCfg = Release|Any CPU
		{22C31DEE-5822-4BB6-86C2-07D7FE1177FD}.Release|Any CPU.Build.0 = Release|Any CPU
	EndGlobalSection
	GlobalSection(SolutionProperties) = preSolution
		HideSolutionNode = FALSE
	EndGlobalSection
	GlobalSection(ExtensibilityGlobals) = postSolution
		SolutionGuid = {09640E91-C2BA-4875-A22A-B106A5F8C761}
	EndGlobalSection
EndGlobal
